// !$*UTF8*$!
{
	archiveVersion = 1;
	classes = {
	};
	objectVersion = 48;
	objects = {

/* Begin PBXBuildFile section */
		1F3BA4971FC7171200E4265C /* DataModel.xcdatamodeld in Sources */ = {isa = PBXBuildFile; fileRef = 1F3BA4951FC7171200E4265C /* DataModel.xcdatamodeld */; };
		1F3BA4991FC7174200E4265C /* ServicesProvider.swift in Sources */ = {isa = PBXBuildFile; fileRef = 1F3BA4981FC7174200E4265C /* ServicesProvider.swift */; };
		1F3BA49C1FC7178C00E4265C /* CoordinatorProtocol.swift in Sources */ = {isa = PBXBuildFile; fileRef = 1F3BA49B1FC7178C00E4265C /* CoordinatorProtocol.swift */; };
		1F3BA4A41FC7198C00E4265C /* ViewModelProtocol.swift in Sources */ = {isa = PBXBuildFile; fileRef = 1F3BA4A31FC7198B00E4265C /* ViewModelProtocol.swift */; };
		1F3BA4A61FC719AE00E4265C /* ViewModelContainerProtocol.swift in Sources */ = {isa = PBXBuildFile; fileRef = 1F3BA4A51FC719AE00E4265C /* ViewModelContainerProtocol.swift */; };
		1F3BA4A81FC71AA400E4265C /* ViewModelContainerProtocol+ViewModelDidSet.swift in Sources */ = {isa = PBXBuildFile; fileRef = 1F3BA4A71FC71AA400E4265C /* ViewModelContainerProtocol+ViewModelDidSet.swift */; };
		1F3BA4AA1FC71ED300E4265C /* ReusableViewModelContainerProtocol.swift in Sources */ = {isa = PBXBuildFile; fileRef = 1F3BA4A91FC71ED300E4265C /* ReusableViewModelContainerProtocol.swift */; };
		1F3BA4AC1FC71F3300E4265C /* ReusableViewModelContainerProtocol+ViewModelDidSet.swift in Sources */ = {isa = PBXBuildFile; fileRef = 1F3BA4AB1FC71F3300E4265C /* ReusableViewModelContainerProtocol+ViewModelDidSet.swift */; };
		1F3BA4B01FC7254200E4265C /* BaseViewControllerProtocol.swift in Sources */ = {isa = PBXBuildFile; fileRef = 1F3BA4AF1FC7254200E4265C /* BaseViewControllerProtocol.swift */; };
		1F3BA4B51FC7269C00E4265C /* BaseContainerController.swift in Sources */ = {isa = PBXBuildFile; fileRef = 1F3BA4B41FC7269C00E4265C /* BaseContainerController.swift */; };
		1F3BA4B71FC727D800E4265C /* BaseContainerControllerProtocol.swift in Sources */ = {isa = PBXBuildFile; fileRef = 1F3BA4B61FC727D800E4265C /* BaseContainerControllerProtocol.swift */; };
		1F3BA4B91FC7282400E4265C /* BaseViewController.swift in Sources */ = {isa = PBXBuildFile; fileRef = 1F3BA4B81FC7282400E4265C /* BaseViewController.swift */; };
		1F3BA4BC1FC729BA00E4265C /* AppCoordinator.swift in Sources */ = {isa = PBXBuildFile; fileRef = 1F3BA4BB1FC729BA00E4265C /* AppCoordinator.swift */; };
		1F5D16591FC70E7C00A90B29 /* Search.storyboard in Resources */ = {isa = PBXBuildFile; fileRef = 1F5D16571FC70E7C00A90B29 /* Search.storyboard */; };
		1F5D165B1FC70E7C00A90B29 /* Assets.xcassets in Resources */ = {isa = PBXBuildFile; fileRef = 1F5D165A1FC70E7C00A90B29 /* Assets.xcassets */; };
		1F5D165E1FC70E7C00A90B29 /* LaunchScreen.storyboard in Resources */ = {isa = PBXBuildFile; fileRef = 1F5D165C1FC70E7C00A90B29 /* LaunchScreen.storyboard */; };
		860D462F1FCF6DF6002E42EE /* DateFormatter+Extensions.swift in Sources */ = {isa = PBXBuildFile; fileRef = 860D462E1FCF6DF6002E42EE /* DateFormatter+Extensions.swift */; };
		8615AEC71FC740F00099FBF7 /* Auth.storyboard in Resources */ = {isa = PBXBuildFile; fileRef = 8615AEC61FC740F00099FBF7 /* Auth.storyboard */; };
		8615AEC91FC7437F0099FBF7 /* AuthService.swift in Sources */ = {isa = PBXBuildFile; fileRef = 8615AEC81FC7437F0099FBF7 /* AuthService.swift */; };
		8615AED31FC744E20099FBF7 /* BaseError.swift in Sources */ = {isa = PBXBuildFile; fileRef = 8615AED21FC744E20099FBF7 /* BaseError.swift */; };
		8615AED51FC745180099FBF7 /* ApiError.swift in Sources */ = {isa = PBXBuildFile; fileRef = 8615AED41FC745180099FBF7 /* ApiError.swift */; };
		8615AED71FC746F60099FBF7 /* BaseCoordinator.swift in Sources */ = {isa = PBXBuildFile; fileRef = 8615AED61FC746F60099FBF7 /* BaseCoordinator.swift */; };
		8615AED91FC747970099FBF7 /* ApiService.swift in Sources */ = {isa = PBXBuildFile; fileRef = 8615AED81FC747970099FBF7 /* ApiService.swift */; };
		8615AEDB1FC74AF90099FBF7 /* Configuration.swift in Sources */ = {isa = PBXBuildFile; fileRef = 8615AEDA1FC74AF90099FBF7 /* Configuration.swift */; };
		8615AEDE1FC74DFB0099FBF7 /* AuthViewController.swift in Sources */ = {isa = PBXBuildFile; fileRef = 8615AEDD1FC74DFB0099FBF7 /* AuthViewController.swift */; };
		8615AEE11FC74E0D0099FBF7 /* TrendsViewController.swift in Sources */ = {isa = PBXBuildFile; fileRef = 8615AEE01FC74E0D0099FBF7 /* TrendsViewController.swift */; };
		8615AEE31FC7572C0099FBF7 /* AuthCoordinator.swift in Sources */ = {isa = PBXBuildFile; fileRef = 8615AEE21FC7572C0099FBF7 /* AuthCoordinator.swift */; };
		8615AEE81FC757570099FBF7 /* TrendsCoordinator.swift in Sources */ = {isa = PBXBuildFile; fileRef = 8615AEE71FC757570099FBF7 /* TrendsCoordinator.swift */; };
		865546DF1FCC745300F260CB /* TrendsService.swift in Sources */ = {isa = PBXBuildFile; fileRef = 865546DE1FCC745300F260CB /* TrendsService.swift */; };
		86641E9E1FCF55560056827C /* ManagedTrending+CoreDataClass.swift in Sources */ = {isa = PBXBuildFile; fileRef = 86641E9C1FCF55560056827C /* ManagedTrending+CoreDataClass.swift */; };
		86641E9F1FCF55560056827C /* ManagedTrending+CoreDataProperties.swift in Sources */ = {isa = PBXBuildFile; fileRef = 86641E9D1FCF55560056827C /* ManagedTrending+CoreDataProperties.swift */; };
		86641EA11FCF55640056827C /* Trending.swift in Sources */ = {isa = PBXBuildFile; fileRef = 86641EA01FCF55640056827C /* Trending.swift */; };
		86641EA71FCF58DF0056827C /* Codable+Extensions.swift in Sources */ = {isa = PBXBuildFile; fileRef = 86641EA61FCF58DF0056827C /* Codable+Extensions.swift */; };
		8666BD5B1FC7615B006149C5 /* Reactive+Functions.swift in Sources */ = {isa = PBXBuildFile; fileRef = 8666BD5A1FC7615B006149C5 /* Reactive+Functions.swift */; };
		86865A491FD097F80008B32D /* DomainConvertible.swift in Sources */ = {isa = PBXBuildFile; fileRef = 86865A481FD097F80008B32D /* DomainConvertible.swift */; };
		86865A4B1FD09F310008B32D /* User.swift in Sources */ = {isa = PBXBuildFile; fileRef = 86865A4A1FD09F310008B32D /* User.swift */; };
		86865A4D1FD09F3D0008B32D /* Language.swift in Sources */ = {isa = PBXBuildFile; fileRef = 86865A4C1FD09F3D0008B32D /* Language.swift */; };
		86865A521FD09F710008B32D /* ManagedUser+CoreDataClass.swift in Sources */ = {isa = PBXBuildFile; fileRef = 86865A4E1FD09F710008B32D /* ManagedUser+CoreDataClass.swift */; };
		86865A531FD09F710008B32D /* ManagedUser+CoreDataProperties.swift in Sources */ = {isa = PBXBuildFile; fileRef = 86865A4F1FD09F710008B32D /* ManagedUser+CoreDataProperties.swift */; };
		86865A541FD09F710008B32D /* ManagedLanguage+CoreDataClass.swift in Sources */ = {isa = PBXBuildFile; fileRef = 86865A501FD09F710008B32D /* ManagedLanguage+CoreDataClass.swift */; };
		86865A551FD09F710008B32D /* ManagedLanguage+CoreDataProperties.swift in Sources */ = {isa = PBXBuildFile; fileRef = 86865A511FD09F710008B32D /* ManagedLanguage+CoreDataProperties.swift */; };
		868DBD2E1FC984C30089BE54 /* ApiSessionManager.swift in Sources */ = {isa = PBXBuildFile; fileRef = 868DBD2D1FC984C30089BE54 /* ApiSessionManager.swift */; };
		869662091FCF721100C57B24 /* FetchedResultsDataSource.swift in Sources */ = {isa = PBXBuildFile; fileRef = 869662081FCF721100C57B24 /* FetchedResultsDataSource.swift */; };
		8696620B1FCF722700C57B24 /* FetchedResultsDataSourceUpdate.swift in Sources */ = {isa = PBXBuildFile; fileRef = 8696620A1FCF722700C57B24 /* FetchedResultsDataSourceUpdate.swift */; };
		8696620D1FCF739900C57B24 /* FetchedResultsDataSource+UITableViewBinding.swift in Sources */ = {isa = PBXBuildFile; fileRef = 8696620C1FCF739900C57B24 /* FetchedResultsDataSource+UITableViewBinding.swift */; };
		8696620F1FCF742900C57B24 /* FetchedResultsDataSource+UICollectionViewBinding.swift in Sources */ = {isa = PBXBuildFile; fileRef = 8696620E1FCF742900C57B24 /* FetchedResultsDataSource+UICollectionViewBinding.swift */; };
		869662111FCF74EF00C57B24 /* CollectionDataSource.swift in Sources */ = {isa = PBXBuildFile; fileRef = 869662101FCF74EF00C57B24 /* CollectionDataSource.swift */; };
		869662131FCF774900C57B24 /* Collection+Extension.swift in Sources */ = {isa = PBXBuildFile; fileRef = 869662121FCF774900C57B24 /* Collection+Extension.swift */; };
		86AABDF81FD9545B00E717C3 /* Association.swift in Sources */ = {isa = PBXBuildFile; fileRef = 86AABDF71FD9545B00E717C3 /* Association.swift */; };
		86AABDFB1FD97B9900E717C3 /* UIView+IBInspectables.swift in Sources */ = {isa = PBXBuildFile; fileRef = 86AABDFA1FD97B9800E717C3 /* UIView+IBInspectables.swift */; };
		86AABE001FD9929F00E717C3 /* SpinnerController.swift in Sources */ = {isa = PBXBuildFile; fileRef = 86AABDFE1FD9929F00E717C3 /* SpinnerController.swift */; };
		86AABE011FD9929F00E717C3 /* SpinnerController.xib in Resources */ = {isa = PBXBuildFile; fileRef = 86AABDFF1FD9929F00E717C3 /* SpinnerController.xib */; };
		86AABE061FD9983500E717C3 /* UIView+Extensions.swift in Sources */ = {isa = PBXBuildFile; fileRef = 86AABE051FD9983500E717C3 /* UIView+Extensions.swift */; };
		86AABE081FD9A7A500E717C3 /* TrendingOwner.swift in Sources */ = {isa = PBXBuildFile; fileRef = 86AABE071FD9A7A500E717C3 /* TrendingOwner.swift */; };
		86AABE0A1FD9B0D800E717C3 /* Fonts+Extensions.swift in Sources */ = {isa = PBXBuildFile; fileRef = 86AABE091FD9B0D800E717C3 /* Fonts+Extensions.swift */; };
		86AABE0C1FD9C78500E717C3 /* TabBar.storyboard in Resources */ = {isa = PBXBuildFile; fileRef = 86AABE0B1FD9C78500E717C3 /* TabBar.storyboard */; };
		86AABE0E1FD9C85600E717C3 /* Favourited.storyboard in Resources */ = {isa = PBXBuildFile; fileRef = 86AABE0D1FD9C85600E717C3 /* Favourited.storyboard */; };
		86AABE101FD9C8BA00E717C3 /* Profile.storyboard in Resources */ = {isa = PBXBuildFile; fileRef = 86AABE0F1FD9C8BA00E717C3 /* Profile.storyboard */; };
		86AABE121FD9C96800E717C3 /* BaseTabBarController.swift in Sources */ = {isa = PBXBuildFile; fileRef = 86AABE111FD9C96800E717C3 /* BaseTabBarController.swift */; };
		86AABE1B1FD9E5E600E717C3 /* SelectionView.swift in Sources */ = {isa = PBXBuildFile; fileRef = 86AABE1A1FD9E5E600E717C3 /* SelectionView.swift */; };
		86AABE1D1FD9E5EF00E717C3 /* SelectionView.xib in Resources */ = {isa = PBXBuildFile; fileRef = 86AABE1C1FD9E5EF00E717C3 /* SelectionView.xib */; };
		86DC1BAB1FD0A09600759C6E /* StoreService.swift in Sources */ = {isa = PBXBuildFile; fileRef = 86DC1BAA1FD0A09600759C6E /* StoreService.swift */; };
		86DC1BB01FD0BBBC00759C6E /* TrendingViewModel.swift in Sources */ = {isa = PBXBuildFile; fileRef = 86DC1BAF1FD0BBBC00759C6E /* TrendingViewModel.swift */; };
		86DC1BB21FD0BBC700759C6E /* TrendingCellViewModel.swift in Sources */ = {isa = PBXBuildFile; fileRef = 86DC1BB11FD0BBC700759C6E /* TrendingCellViewModel.swift */; };
		86DC1BB81FD0BD2800759C6E /* Reactive+UI.swift in Sources */ = {isa = PBXBuildFile; fileRef = 86DC1BB71FD0BD2800759C6E /* Reactive+UI.swift */; };
		86DC1BBD1FD0BDFB00759C6E /* TrendingTVCell.swift in Sources */ = {isa = PBXBuildFile; fileRef = 86DC1BBB1FD0BDFB00759C6E /* TrendingTVCell.swift */; };
		86DC1BBE1FD0BDFB00759C6E /* TrendingTVCell.xib in Resources */ = {isa = PBXBuildFile; fileRef = 86DC1BBC1FD0BDFB00759C6E /* TrendingTVCell.xib */; };
		86DC1BC41FD0BE4800759C6E /* UITableView+Placer.swift in Sources */ = {isa = PBXBuildFile; fileRef = 86DC1BC11FD0BE4800759C6E /* UITableView+Placer.swift */; };
		86DC1BC51FD0BE4800759C6E /* UICollectionView+Extensions.swift in Sources */ = {isa = PBXBuildFile; fileRef = 86DC1BC21FD0BE4800759C6E /* UICollectionView+Extensions.swift */; };
		86DC1BC61FD0BE4800759C6E /* UICollectionView+Insets.swift in Sources */ = {isa = PBXBuildFile; fileRef = 86DC1BC31FD0BE4800759C6E /* UICollectionView+Insets.swift */; };
		86FB43531FCC7C0E00AD86CB /* MagicalRecord+Extensions.swift in Sources */ = {isa = PBXBuildFile; fileRef = 86FB43521FCC7C0E00AD86CB /* MagicalRecord+Extensions.swift */; };
		86FB435A1FCC93C000AD86CB /* Pagination.swift in Sources */ = {isa = PBXBuildFile; fileRef = 86FB43591FCC93C000AD86CB /* Pagination.swift */; };
		86FB435C1FCCBF7100AD86CB /* Response+Extensions.swift in Sources */ = {isa = PBXBuildFile; fileRef = 86FB435B1FCCBF7100AD86CB /* Response+Extensions.swift */; };
		86FB43621FCCCB1D00AD86CB /* Slice.swift in Sources */ = {isa = PBXBuildFile; fileRef = 86FB43611FCCCB1D00AD86CB /* Slice.swift */; };
		86FDCA601FC73EF1002E360F /* AppDelegate.swift in Sources */ = {isa = PBXBuildFile; fileRef = 86FDCA5F1FC73EF1002E360F /* AppDelegate.swift */; };
		BF6F292CA25E34C145A48730 /* Pods_GithubTrends.framework in Frameworks */ = {isa = PBXBuildFile; fileRef = D7AB8FF56C3D5A7F1668F005 /* Pods_GithubTrends.framework */; };
/* End PBXBuildFile section */

/* Begin PBXFileReference section */
		1F3BA4961FC7171200E4265C /* DataModel.xcdatamodel */ = {isa = PBXFileReference; lastKnownFileType = wrapper.xcdatamodel; path = DataModel.xcdatamodel; sourceTree = "<group>"; };
		1F3BA4981FC7174200E4265C /* ServicesProvider.swift */ = {isa = PBXFileReference; lastKnownFileType = sourcecode.swift; path = ServicesProvider.swift; sourceTree = "<group>"; };
		1F3BA49B1FC7178C00E4265C /* CoordinatorProtocol.swift */ = {isa = PBXFileReference; lastKnownFileType = sourcecode.swift; path = CoordinatorProtocol.swift; sourceTree = "<group>"; };
		1F3BA4A31FC7198B00E4265C /* ViewModelProtocol.swift */ = {isa = PBXFileReference; lastKnownFileType = sourcecode.swift; path = ViewModelProtocol.swift; sourceTree = "<group>"; };
		1F3BA4A51FC719AE00E4265C /* ViewModelContainerProtocol.swift */ = {isa = PBXFileReference; lastKnownFileType = sourcecode.swift; path = ViewModelContainerProtocol.swift; sourceTree = "<group>"; };
		1F3BA4A71FC71AA400E4265C /* ViewModelContainerProtocol+ViewModelDidSet.swift */ = {isa = PBXFileReference; lastKnownFileType = sourcecode.swift; path = "ViewModelContainerProtocol+ViewModelDidSet.swift"; sourceTree = "<group>"; };
		1F3BA4A91FC71ED300E4265C /* ReusableViewModelContainerProtocol.swift */ = {isa = PBXFileReference; lastKnownFileType = sourcecode.swift; path = ReusableViewModelContainerProtocol.swift; sourceTree = "<group>"; };
		1F3BA4AB1FC71F3300E4265C /* ReusableViewModelContainerProtocol+ViewModelDidSet.swift */ = {isa = PBXFileReference; lastKnownFileType = sourcecode.swift; path = "ReusableViewModelContainerProtocol+ViewModelDidSet.swift"; sourceTree = "<group>"; };
		1F3BA4AF1FC7254200E4265C /* BaseViewControllerProtocol.swift */ = {isa = PBXFileReference; lastKnownFileType = sourcecode.swift; path = BaseViewControllerProtocol.swift; sourceTree = "<group>"; };
		1F3BA4B41FC7269C00E4265C /* BaseContainerController.swift */ = {isa = PBXFileReference; lastKnownFileType = sourcecode.swift; path = BaseContainerController.swift; sourceTree = "<group>"; };
		1F3BA4B61FC727D800E4265C /* BaseContainerControllerProtocol.swift */ = {isa = PBXFileReference; lastKnownFileType = sourcecode.swift; path = BaseContainerControllerProtocol.swift; sourceTree = "<group>"; };
		1F3BA4B81FC7282400E4265C /* BaseViewController.swift */ = {isa = PBXFileReference; lastKnownFileType = sourcecode.swift; path = BaseViewController.swift; sourceTree = "<group>"; };
		1F3BA4BB1FC729BA00E4265C /* AppCoordinator.swift */ = {isa = PBXFileReference; lastKnownFileType = sourcecode.swift; path = AppCoordinator.swift; sourceTree = "<group>"; };
		1F5D16501FC70E7C00A90B29 /* GithubTrends.app */ = {isa = PBXFileReference; explicitFileType = wrapper.application; includeInIndex = 0; path = GithubTrends.app; sourceTree = BUILT_PRODUCTS_DIR; };
		1F5D16581FC70E7C00A90B29 /* Base */ = {isa = PBXFileReference; lastKnownFileType = file.storyboard; name = Base; path = Base.lproj/Search.storyboard; sourceTree = "<group>"; };
		1F5D165A1FC70E7C00A90B29 /* Assets.xcassets */ = {isa = PBXFileReference; lastKnownFileType = folder.assetcatalog; path = Assets.xcassets; sourceTree = "<group>"; };
		1F5D165D1FC70E7C00A90B29 /* Base */ = {isa = PBXFileReference; lastKnownFileType = file.storyboard; name = Base; path = Base.lproj/LaunchScreen.storyboard; sourceTree = "<group>"; };
		1F5D165F1FC70E7C00A90B29 /* Info.plist */ = {isa = PBXFileReference; lastKnownFileType = text.plist.xml; path = Info.plist; sourceTree = "<group>"; };
		644E0C0397717B5970536535 /* Pods-GithubTrends.debug.xcconfig */ = {isa = PBXFileReference; includeInIndex = 1; lastKnownFileType = text.xcconfig; name = "Pods-GithubTrends.debug.xcconfig"; path = "Pods/Target Support Files/Pods-GithubTrends/Pods-GithubTrends.debug.xcconfig"; sourceTree = "<group>"; };
		860D462E1FCF6DF6002E42EE /* DateFormatter+Extensions.swift */ = {isa = PBXFileReference; lastKnownFileType = sourcecode.swift; path = "DateFormatter+Extensions.swift"; sourceTree = "<group>"; };
		8615AEC61FC740F00099FBF7 /* Auth.storyboard */ = {isa = PBXFileReference; lastKnownFileType = file.storyboard; path = Auth.storyboard; sourceTree = "<group>"; };
		8615AEC81FC7437F0099FBF7 /* AuthService.swift */ = {isa = PBXFileReference; lastKnownFileType = sourcecode.swift; path = AuthService.swift; sourceTree = "<group>"; };
		8615AED21FC744E20099FBF7 /* BaseError.swift */ = {isa = PBXFileReference; lastKnownFileType = sourcecode.swift; path = BaseError.swift; sourceTree = "<group>"; };
		8615AED41FC745180099FBF7 /* ApiError.swift */ = {isa = PBXFileReference; lastKnownFileType = sourcecode.swift; path = ApiError.swift; sourceTree = "<group>"; };
		8615AED61FC746F60099FBF7 /* BaseCoordinator.swift */ = {isa = PBXFileReference; lastKnownFileType = sourcecode.swift; path = BaseCoordinator.swift; sourceTree = "<group>"; };
		8615AED81FC747970099FBF7 /* ApiService.swift */ = {isa = PBXFileReference; lastKnownFileType = sourcecode.swift; path = ApiService.swift; sourceTree = "<group>"; };
		8615AEDA1FC74AF90099FBF7 /* Configuration.swift */ = {isa = PBXFileReference; lastKnownFileType = sourcecode.swift; path = Configuration.swift; sourceTree = "<group>"; };
		8615AEDD1FC74DFB0099FBF7 /* AuthViewController.swift */ = {isa = PBXFileReference; lastKnownFileType = sourcecode.swift; path = AuthViewController.swift; sourceTree = "<group>"; };
		8615AEE01FC74E0D0099FBF7 /* TrendsViewController.swift */ = {isa = PBXFileReference; lastKnownFileType = sourcecode.swift; path = TrendsViewController.swift; sourceTree = "<group>"; };
		8615AEE21FC7572C0099FBF7 /* AuthCoordinator.swift */ = {isa = PBXFileReference; lastKnownFileType = sourcecode.swift; path = AuthCoordinator.swift; sourceTree = "<group>"; };
		8615AEE71FC757570099FBF7 /* TrendsCoordinator.swift */ = {isa = PBXFileReference; lastKnownFileType = sourcecode.swift; path = TrendsCoordinator.swift; sourceTree = "<group>"; };
		865546DE1FCC745300F260CB /* TrendsService.swift */ = {isa = PBXFileReference; lastKnownFileType = sourcecode.swift; path = TrendsService.swift; sourceTree = "<group>"; };
		86641E9C1FCF55560056827C /* ManagedTrending+CoreDataClass.swift */ = {isa = PBXFileReference; lastKnownFileType = sourcecode.swift; path = "ManagedTrending+CoreDataClass.swift"; sourceTree = "<group>"; };
		86641E9D1FCF55560056827C /* ManagedTrending+CoreDataProperties.swift */ = {isa = PBXFileReference; lastKnownFileType = sourcecode.swift; path = "ManagedTrending+CoreDataProperties.swift"; sourceTree = "<group>"; };
		86641EA01FCF55640056827C /* Trending.swift */ = {isa = PBXFileReference; lastKnownFileType = sourcecode.swift; path = Trending.swift; sourceTree = "<group>"; };
		86641EA61FCF58DF0056827C /* Codable+Extensions.swift */ = {isa = PBXFileReference; lastKnownFileType = sourcecode.swift; path = "Codable+Extensions.swift"; sourceTree = "<group>"; };
		8666BD5A1FC7615B006149C5 /* Reactive+Functions.swift */ = {isa = PBXFileReference; lastKnownFileType = sourcecode.swift; path = "Reactive+Functions.swift"; sourceTree = "<group>"; };
		86865A481FD097F80008B32D /* DomainConvertible.swift */ = {isa = PBXFileReference; lastKnownFileType = sourcecode.swift; path = DomainConvertible.swift; sourceTree = "<group>"; };
		86865A4A1FD09F310008B32D /* User.swift */ = {isa = PBXFileReference; lastKnownFileType = sourcecode.swift; path = User.swift; sourceTree = "<group>"; };
		86865A4C1FD09F3D0008B32D /* Language.swift */ = {isa = PBXFileReference; lastKnownFileType = sourcecode.swift; path = Language.swift; sourceTree = "<group>"; };
		86865A4E1FD09F710008B32D /* ManagedUser+CoreDataClass.swift */ = {isa = PBXFileReference; lastKnownFileType = sourcecode.swift; path = "ManagedUser+CoreDataClass.swift"; sourceTree = "<group>"; };
		86865A4F1FD09F710008B32D /* ManagedUser+CoreDataProperties.swift */ = {isa = PBXFileReference; lastKnownFileType = sourcecode.swift; path = "ManagedUser+CoreDataProperties.swift"; sourceTree = "<group>"; };
		86865A501FD09F710008B32D /* ManagedLanguage+CoreDataClass.swift */ = {isa = PBXFileReference; lastKnownFileType = sourcecode.swift; path = "ManagedLanguage+CoreDataClass.swift"; sourceTree = "<group>"; };
		86865A511FD09F710008B32D /* ManagedLanguage+CoreDataProperties.swift */ = {isa = PBXFileReference; lastKnownFileType = sourcecode.swift; path = "ManagedLanguage+CoreDataProperties.swift"; sourceTree = "<group>"; };
		868DBD2D1FC984C30089BE54 /* ApiSessionManager.swift */ = {isa = PBXFileReference; lastKnownFileType = sourcecode.swift; path = ApiSessionManager.swift; sourceTree = "<group>"; };
		869662081FCF721100C57B24 /* FetchedResultsDataSource.swift */ = {isa = PBXFileReference; lastKnownFileType = sourcecode.swift; path = FetchedResultsDataSource.swift; sourceTree = "<group>"; };
		8696620A1FCF722700C57B24 /* FetchedResultsDataSourceUpdate.swift */ = {isa = PBXFileReference; lastKnownFileType = sourcecode.swift; path = FetchedResultsDataSourceUpdate.swift; sourceTree = "<group>"; };
		8696620C1FCF739900C57B24 /* FetchedResultsDataSource+UITableViewBinding.swift */ = {isa = PBXFileReference; lastKnownFileType = sourcecode.swift; path = "FetchedResultsDataSource+UITableViewBinding.swift"; sourceTree = "<group>"; };
		8696620E1FCF742900C57B24 /* FetchedResultsDataSource+UICollectionViewBinding.swift */ = {isa = PBXFileReference; lastKnownFileType = sourcecode.swift; path = "FetchedResultsDataSource+UICollectionViewBinding.swift"; sourceTree = "<group>"; };
		869662101FCF74EF00C57B24 /* CollectionDataSource.swift */ = {isa = PBXFileReference; lastKnownFileType = sourcecode.swift; path = CollectionDataSource.swift; sourceTree = "<group>"; };
		869662121FCF774900C57B24 /* Collection+Extension.swift */ = {isa = PBXFileReference; lastKnownFileType = sourcecode.swift; path = "Collection+Extension.swift"; sourceTree = "<group>"; };
		86AABDF71FD9545B00E717C3 /* Association.swift */ = {isa = PBXFileReference; lastKnownFileType = sourcecode.swift; path = Association.swift; sourceTree = "<group>"; };
		86AABDFA1FD97B9800E717C3 /* UIView+IBInspectables.swift */ = {isa = PBXFileReference; lastKnownFileType = sourcecode.swift; path = "UIView+IBInspectables.swift"; sourceTree = "<group>"; };
		86AABDFE1FD9929F00E717C3 /* SpinnerController.swift */ = {isa = PBXFileReference; lastKnownFileType = sourcecode.swift; path = SpinnerController.swift; sourceTree = "<group>"; };
		86AABDFF1FD9929F00E717C3 /* SpinnerController.xib */ = {isa = PBXFileReference; lastKnownFileType = file.xib; path = SpinnerController.xib; sourceTree = "<group>"; };
		86AABE051FD9983500E717C3 /* UIView+Extensions.swift */ = {isa = PBXFileReference; lastKnownFileType = sourcecode.swift; path = "UIView+Extensions.swift"; sourceTree = "<group>"; };
		86AABE071FD9A7A500E717C3 /* TrendingOwner.swift */ = {isa = PBXFileReference; lastKnownFileType = sourcecode.swift; path = TrendingOwner.swift; sourceTree = "<group>"; };
		86AABE091FD9B0D800E717C3 /* Fonts+Extensions.swift */ = {isa = PBXFileReference; lastKnownFileType = sourcecode.swift; path = "Fonts+Extensions.swift"; sourceTree = "<group>"; };
		86AABE0B1FD9C78500E717C3 /* TabBar.storyboard */ = {isa = PBXFileReference; lastKnownFileType = file.storyboard; path = TabBar.storyboard; sourceTree = "<group>"; };
		86AABE0D1FD9C85600E717C3 /* Favourited.storyboard */ = {isa = PBXFileReference; lastKnownFileType = file.storyboard; path = Favourited.storyboard; sourceTree = "<group>"; };
		86AABE0F1FD9C8BA00E717C3 /* Profile.storyboard */ = {isa = PBXFileReference; lastKnownFileType = file.storyboard; path = Profile.storyboard; sourceTree = "<group>"; };
		86AABE111FD9C96800E717C3 /* BaseTabBarController.swift */ = {isa = PBXFileReference; lastKnownFileType = sourcecode.swift; path = BaseTabBarController.swift; sourceTree = "<group>"; };
		86AABE1A1FD9E5E600E717C3 /* SelectionView.swift */ = {isa = PBXFileReference; lastKnownFileType = sourcecode.swift; path = SelectionView.swift; sourceTree = "<group>"; };
		86AABE1C1FD9E5EF00E717C3 /* SelectionView.xib */ = {isa = PBXFileReference; lastKnownFileType = file.xib; path = SelectionView.xib; sourceTree = "<group>"; };
		86DC1BAA1FD0A09600759C6E /* StoreService.swift */ = {isa = PBXFileReference; lastKnownFileType = sourcecode.swift; path = StoreService.swift; sourceTree = "<group>"; };
		86DC1BAF1FD0BBBC00759C6E /* TrendingViewModel.swift */ = {isa = PBXFileReference; lastKnownFileType = sourcecode.swift; path = TrendingViewModel.swift; sourceTree = "<group>"; };
		86DC1BB11FD0BBC700759C6E /* TrendingCellViewModel.swift */ = {isa = PBXFileReference; lastKnownFileType = sourcecode.swift; path = TrendingCellViewModel.swift; sourceTree = "<group>"; };
		86DC1BB71FD0BD2800759C6E /* Reactive+UI.swift */ = {isa = PBXFileReference; lastKnownFileType = sourcecode.swift; path = "Reactive+UI.swift"; sourceTree = "<group>"; };
		86DC1BBB1FD0BDFB00759C6E /* TrendingTVCell.swift */ = {isa = PBXFileReference; lastKnownFileType = sourcecode.swift; path = TrendingTVCell.swift; sourceTree = "<group>"; };
		86DC1BBC1FD0BDFB00759C6E /* TrendingTVCell.xib */ = {isa = PBXFileReference; lastKnownFileType = file.xib; path = TrendingTVCell.xib; sourceTree = "<group>"; };
		86DC1BC11FD0BE4800759C6E /* UITableView+Placer.swift */ = {isa = PBXFileReference; fileEncoding = 4; lastKnownFileType = sourcecode.swift; path = "UITableView+Placer.swift"; sourceTree = "<group>"; };
		86DC1BC21FD0BE4800759C6E /* UICollectionView+Extensions.swift */ = {isa = PBXFileReference; fileEncoding = 4; lastKnownFileType = sourcecode.swift; path = "UICollectionView+Extensions.swift"; sourceTree = "<group>"; };
		86DC1BC31FD0BE4800759C6E /* UICollectionView+Insets.swift */ = {isa = PBXFileReference; fileEncoding = 4; lastKnownFileType = sourcecode.swift; path = "UICollectionView+Insets.swift"; sourceTree = "<group>"; };
		86FB43521FCC7C0E00AD86CB /* MagicalRecord+Extensions.swift */ = {isa = PBXFileReference; lastKnownFileType = sourcecode.swift; path = "MagicalRecord+Extensions.swift"; sourceTree = "<group>"; };
		86FB43591FCC93C000AD86CB /* Pagination.swift */ = {isa = PBXFileReference; lastKnownFileType = sourcecode.swift; path = Pagination.swift; sourceTree = "<group>"; };
		86FB435B1FCCBF7100AD86CB /* Response+Extensions.swift */ = {isa = PBXFileReference; lastKnownFileType = sourcecode.swift; path = "Response+Extensions.swift"; sourceTree = "<group>"; };
		86FB43611FCCCB1D00AD86CB /* Slice.swift */ = {isa = PBXFileReference; lastKnownFileType = sourcecode.swift; path = Slice.swift; sourceTree = "<group>"; };
		86FDCA5F1FC73EF1002E360F /* AppDelegate.swift */ = {isa = PBXFileReference; fileEncoding = 4; lastKnownFileType = sourcecode.swift; path = AppDelegate.swift; sourceTree = "<group>"; };
		D7AB8FF56C3D5A7F1668F005 /* Pods_GithubTrends.framework */ = {isa = PBXFileReference; explicitFileType = wrapper.framework; includeInIndex = 0; path = Pods_GithubTrends.framework; sourceTree = BUILT_PRODUCTS_DIR; };
		F973E464313087EE7917EF3F /* Pods-GithubTrends.release.xcconfig */ = {isa = PBXFileReference; includeInIndex = 1; lastKnownFileType = text.xcconfig; name = "Pods-GithubTrends.release.xcconfig"; path = "Pods/Target Support Files/Pods-GithubTrends/Pods-GithubTrends.release.xcconfig"; sourceTree = "<group>"; };
/* End PBXFileReference section */

/* Begin PBXFrameworksBuildPhase section */
		1F5D164D1FC70E7C00A90B29 /* Frameworks */ = {
			isa = PBXFrameworksBuildPhase;
			buildActionMask = 2147483647;
			files = (
				BF6F292CA25E34C145A48730 /* Pods_GithubTrends.framework in Frameworks */,
			);
			runOnlyForDeploymentPostprocessing = 0;
		};
/* End PBXFrameworksBuildPhase section */

/* Begin PBXGroup section */
		13D4EFFD329EA858BCB95FA8 /* Frameworks */ = {
			isa = PBXGroup;
			children = (
				D7AB8FF56C3D5A7F1668F005 /* Pods_GithubTrends.framework */,
			);
			name = Frameworks;
			sourceTree = "<group>";
		};
		1F3BA49A1FC7177E00E4265C /* Protocols */ = {
			isa = PBXGroup;
			children = (
				1F3BA49B1FC7178C00E4265C /* CoordinatorProtocol.swift */,
			);
			path = Protocols;
			sourceTree = "<group>";
		};
		1F3BA49F1FC718DC00E4265C /* ViewModels */ = {
			isa = PBXGroup;
			children = (
				1F3BA4A01FC7191500E4265C /* Protocols */,
				86DC1BAE1FD0BBAC00759C6E /* Trendings */,
			);
			path = ViewModels;
			sourceTree = "<group>";
		};
		1F3BA4A01FC7191500E4265C /* Protocols */ = {
			isa = PBXGroup;
			children = (
				1F3BA4A31FC7198B00E4265C /* ViewModelProtocol.swift */,
				1F3BA4A51FC719AE00E4265C /* ViewModelContainerProtocol.swift */,
				1F3BA4A91FC71ED300E4265C /* ReusableViewModelContainerProtocol.swift */,
				1F3BA4A71FC71AA400E4265C /* ViewModelContainerProtocol+ViewModelDidSet.swift */,
				1F3BA4AB1FC71F3300E4265C /* ReusableViewModelContainerProtocol+ViewModelDidSet.swift */,
			);
			path = Protocols;
			sourceTree = "<group>";
		};
		1F3BA4AE1FC7253B00E4265C /* Protocols */ = {
			isa = PBXGroup;
			children = (
				1F3BA4AF1FC7254200E4265C /* BaseViewControllerProtocol.swift */,
				1F3BA4B61FC727D800E4265C /* BaseContainerControllerProtocol.swift */,
			);
			path = Protocols;
			sourceTree = "<group>";
		};
		1F3BA4B31FC7267D00E4265C /* Base */ = {
			isa = PBXGroup;
			children = (
				1F3BA4B81FC7282400E4265C /* BaseViewController.swift */,
				86AABE111FD9C96800E717C3 /* BaseTabBarController.swift */,
				1F3BA4B41FC7269C00E4265C /* BaseContainerController.swift */,
			);
			path = Base;
			sourceTree = "<group>";
		};
		1F3BA4BA1FC729A300E4265C /* Base */ = {
			isa = PBXGroup;
			children = (
				8615AED61FC746F60099FBF7 /* BaseCoordinator.swift */,
				1F3BA4BB1FC729BA00E4265C /* AppCoordinator.swift */,
			);
			path = Base;
			sourceTree = "<group>";
		};
		1F3BA4BD1FC72AA200E4265C /* ManagedEntities */ = {
			isa = PBXGroup;
			children = (
				86865A4E1FD09F710008B32D /* ManagedUser+CoreDataClass.swift */,
				86865A4F1FD09F710008B32D /* ManagedUser+CoreDataProperties.swift */,
				86641E9C1FCF55560056827C /* ManagedTrending+CoreDataClass.swift */,
				86641E9D1FCF55560056827C /* ManagedTrending+CoreDataProperties.swift */,
				86865A501FD09F710008B32D /* ManagedLanguage+CoreDataClass.swift */,
				86865A511FD09F710008B32D /* ManagedLanguage+CoreDataProperties.swift */,
			);
			path = ManagedEntities;
			sourceTree = "<group>";
		};
		1F3BA4BF1FC72ACC00E4265C /* Common */ = {
			isa = PBXGroup;
			children = (
				86AABDF61FD9545100E717C3 /* Global */,
				86865A471FD097E80008B32D /* Protocol */,
				1F3BA4C01FC72AD000E4265C /* Extensions */,
			);
			path = Common;
			sourceTree = "<group>";
		};
		1F3BA4C01FC72AD000E4265C /* Extensions */ = {
			isa = PBXGroup;
			children = (
				86DC1BB51FD0BCB900759C6E /* UI */,
				86DC1BB31FD0BC9B00759C6E /* Reactive */,
				86DC1BB41FD0BCA300759C6E /* Logical */,
				86DC1BB61FD0BD0100759C6E /* Store */,
			);
			path = Extensions;
			sourceTree = "<group>";
		};
		1F5D16471FC70E7C00A90B29 = {
			isa = PBXGroup;
			children = (
				1F5D16521FC70E7C00A90B29 /* GithubTrends */,
				1F5D16511FC70E7C00A90B29 /* Products */,
				C9F10631A54198FC9FA43707 /* Pods */,
				13D4EFFD329EA858BCB95FA8 /* Frameworks */,
			);
			sourceTree = "<group>";
		};
		1F5D16511FC70E7C00A90B29 /* Products */ = {
			isa = PBXGroup;
			children = (
				1F5D16501FC70E7C00A90B29 /* GithubTrends.app */,
			);
			name = Products;
			sourceTree = "<group>";
		};
		1F5D16521FC70E7C00A90B29 /* GithubTrends */ = {
			isa = PBXGroup;
			children = (
				1F3BA4BF1FC72ACC00E4265C /* Common */,
				1F5D166C1FC70F3B00A90B29 /* Resources */,
				1F5D166B1FC70F3100A90B29 /* Storyboards */,
				1F5D16651FC70EB900A90B29 /* Models */,
				1F5D16661FC70EC800A90B29 /* Services */,
				1F5D16671FC70ED300A90B29 /* Coordinators */,
				1F3BA49F1FC718DC00E4265C /* ViewModels */,
				1F5D16681FC70EDD00A90B29 /* Views */,
				1F5D166A1FC70EE700A90B29 /* ViewControllers */,
				86FDCA5F1FC73EF1002E360F /* AppDelegate.swift */,
				8615AEDA1FC74AF90099FBF7 /* Configuration.swift */,
			);
			path = GithubTrends;
			sourceTree = "<group>";
		};
		1F5D16651FC70EB900A90B29 /* Models */ = {
			isa = PBXGroup;
			children = (
				1F3BA4951FC7171200E4265C /* DataModel.xcdatamodeld */,
				8615AECE1FC7448C0099FBF7 /* Domain */,
				1F3BA4BD1FC72AA200E4265C /* ManagedEntities */,
				86641E9B1FCF54F70056827C /* Structures */,
				869662061FCF719900C57B24 /* DataSources */,
				865546E41FCC76CD00F260CB /* Helpers */,
			);
			path = Models;
			sourceTree = "<group>";
		};
		1F5D16661FC70EC800A90B29 /* Services */ = {
			isa = PBXGroup;
			children = (
				869662141FCF799E00C57B24 /* Common */,
				8615AED81FC747970099FBF7 /* ApiService.swift */,
				86DC1BAA1FD0A09600759C6E /* StoreService.swift */,
				8615AEC81FC7437F0099FBF7 /* AuthService.swift */,
				865546DE1FCC745300F260CB /* TrendsService.swift */,
			);
			path = Services;
			sourceTree = "<group>";
		};
		1F5D16671FC70ED300A90B29 /* Coordinators */ = {
			isa = PBXGroup;
			children = (
				1F3BA49A1FC7177E00E4265C /* Protocols */,
				1F3BA4BA1FC729A300E4265C /* Base */,
				8615AEE61FC757450099FBF7 /* Main */,
			);
			path = Coordinators;
			sourceTree = "<group>";
		};
		1F5D16681FC70EDD00A90B29 /* Views */ = {
			isa = PBXGroup;
			children = (
				86AABE181FD9E5D000E717C3 /* Views */,
				86DC1BB91FD0BDE000759C6E /* TVCells */,
			);
			path = Views;
			sourceTree = "<group>";
		};
		1F5D166A1FC70EE700A90B29 /* ViewControllers */ = {
			isa = PBXGroup;
			children = (
				1F3BA4AE1FC7253B00E4265C /* Protocols */,
				1F3BA4B31FC7267D00E4265C /* Base */,
				86AABDFC1FD9928400E717C3 /* Common */,
				8615AEDC1FC74DE90099FBF7 /* Auth */,
				8615AEDF1FC74E010099FBF7 /* Main */,
			);
			path = ViewControllers;
			sourceTree = "<group>";
		};
		1F5D166B1FC70F3100A90B29 /* Storyboards */ = {
			isa = PBXGroup;
			children = (
				8615AEC61FC740F00099FBF7 /* Auth.storyboard */,
				86AABE0B1FD9C78500E717C3 /* TabBar.storyboard */,
				1F5D16571FC70E7C00A90B29 /* Search.storyboard */,
				86AABE0D1FD9C85600E717C3 /* Favourited.storyboard */,
				86AABE0F1FD9C8BA00E717C3 /* Profile.storyboard */,
			);
			path = Storyboards;
			sourceTree = "<group>";
		};
		1F5D166C1FC70F3B00A90B29 /* Resources */ = {
			isa = PBXGroup;
			children = (
				1F5D165A1FC70E7C00A90B29 /* Assets.xcassets */,
				1F5D165C1FC70E7C00A90B29 /* LaunchScreen.storyboard */,
				1F5D165F1FC70E7C00A90B29 /* Info.plist */,
			);
			path = Resources;
			sourceTree = "<group>";
		};
		8615AECE1FC7448C0099FBF7 /* Domain */ = {
			isa = PBXGroup;
			children = (
				86865A4A1FD09F310008B32D /* User.swift */,
				86641EA01FCF55640056827C /* Trending.swift */,
				86AABE071FD9A7A500E717C3 /* TrendingOwner.swift */,
				86865A4C1FD09F3D0008B32D /* Language.swift */,
			);
			path = Domain;
			sourceTree = "<group>";
		};
		8615AED11FC744D90099FBF7 /* Errors */ = {
			isa = PBXGroup;
			children = (
				8615AED21FC744E20099FBF7 /* BaseError.swift */,
				8615AED41FC745180099FBF7 /* ApiError.swift */,
			);
			path = Errors;
			sourceTree = "<group>";
		};
		8615AEDC1FC74DE90099FBF7 /* Auth */ = {
			isa = PBXGroup;
			children = (
				8615AEDD1FC74DFB0099FBF7 /* AuthViewController.swift */,
			);
			path = Auth;
			sourceTree = "<group>";
		};
		8615AEDF1FC74E010099FBF7 /* Main */ = {
			isa = PBXGroup;
			children = (
				8615AEE01FC74E0D0099FBF7 /* TrendsViewController.swift */,
			);
			path = Main;
			sourceTree = "<group>";
		};
		8615AEE61FC757450099FBF7 /* Main */ = {
			isa = PBXGroup;
			children = (
				8615AEE21FC7572C0099FBF7 /* AuthCoordinator.swift */,
				8615AEE71FC757570099FBF7 /* TrendsCoordinator.swift */,
			);
			path = Main;
			sourceTree = "<group>";
		};
		865546E41FCC76CD00F260CB /* Helpers */ = {
			isa = PBXGroup;
			children = (
				868DBD2D1FC984C30089BE54 /* ApiSessionManager.swift */,
			);
			path = Helpers;
			sourceTree = "<group>";
		};
		86641E9B1FCF54F70056827C /* Structures */ = {
			isa = PBXGroup;
			children = (
				8615AED11FC744D90099FBF7 /* Errors */,
				86FB43591FCC93C000AD86CB /* Pagination.swift */,
				86FB43611FCCCB1D00AD86CB /* Slice.swift */,
			);
			path = Structures;
			sourceTree = "<group>";
		};
		86865A471FD097E80008B32D /* Protocol */ = {
			isa = PBXGroup;
			children = (
				86865A481FD097F80008B32D /* DomainConvertible.swift */,
			);
			path = Protocol;
			sourceTree = "<group>";
		};
		869662061FCF719900C57B24 /* DataSources */ = {
			isa = PBXGroup;
			children = (
				869662071FCF720500C57B24 /* FetchedResults */,
			);
			path = DataSources;
			sourceTree = "<group>";
		};
		869662071FCF720500C57B24 /* FetchedResults */ = {
			isa = PBXGroup;
			children = (
				869662081FCF721100C57B24 /* FetchedResultsDataSource.swift */,
				869662101FCF74EF00C57B24 /* CollectionDataSource.swift */,
				8696620A1FCF722700C57B24 /* FetchedResultsDataSourceUpdate.swift */,
				8696620C1FCF739900C57B24 /* FetchedResultsDataSource+UITableViewBinding.swift */,
				8696620E1FCF742900C57B24 /* FetchedResultsDataSource+UICollectionViewBinding.swift */,
			);
			path = FetchedResults;
			sourceTree = "<group>";
		};
		869662141FCF799E00C57B24 /* Common */ = {
			isa = PBXGroup;
			children = (
				1F3BA4981FC7174200E4265C /* ServicesProvider.swift */,
				86FB435B1FCCBF7100AD86CB /* Response+Extensions.swift */,
			);
			path = Common;
			sourceTree = "<group>";
		};
		86AABDF61FD9545100E717C3 /* Global */ = {
			isa = PBXGroup;
			children = (
				86AABDF71FD9545B00E717C3 /* Association.swift */,
			);
			path = Global;
			sourceTree = "<group>";
		};
		86AABDF91FD97B7A00E717C3 /* IBInspectables & IBDesignables */ = {
			isa = PBXGroup;
			children = (
				86AABDFA1FD97B9800E717C3 /* UIView+IBInspectables.swift */,
			);
			path = "IBInspectables & IBDesignables";
			sourceTree = "<group>";
		};
		86AABDFC1FD9928400E717C3 /* Common */ = {
			isa = PBXGroup;
			children = (
				86AABDFD1FD9928D00E717C3 /* SpinnerController */,
			);
			path = Common;
			sourceTree = "<group>";
		};
		86AABDFD1FD9928D00E717C3 /* SpinnerController */ = {
			isa = PBXGroup;
			children = (
				86AABDFE1FD9929F00E717C3 /* SpinnerController.swift */,
				86AABDFF1FD9929F00E717C3 /* SpinnerController.xib */,
			);
			path = SpinnerController;
			sourceTree = "<group>";
		};
		86AABE041FD9982B00E717C3 /* Views */ = {
			isa = PBXGroup;
			children = (
				86AABE051FD9983500E717C3 /* UIView+Extensions.swift */,
			);
			path = Views;
			sourceTree = "<group>";
		};
		86AABE181FD9E5D000E717C3 /* Views */ = {
			isa = PBXGroup;
			children = (
				86AABE191FD9E5D600E717C3 /* SelectionView */,
			);
			path = Views;
			sourceTree = "<group>";
		};
		86AABE191FD9E5D600E717C3 /* SelectionView */ = {
			isa = PBXGroup;
			children = (
				86AABE1A1FD9E5E600E717C3 /* SelectionView.swift */,
				86AABE1C1FD9E5EF00E717C3 /* SelectionView.xib */,
			);
			path = SelectionView;
			sourceTree = "<group>";
		};
		86DC1BAE1FD0BBAC00759C6E /* Trendings */ = {
			isa = PBXGroup;
			children = (
				86DC1BAF1FD0BBBC00759C6E /* TrendingViewModel.swift */,
				86DC1BB11FD0BBC700759C6E /* TrendingCellViewModel.swift */,
			);
			path = Trendings;
			sourceTree = "<group>";
		};
		86DC1BB31FD0BC9B00759C6E /* Reactive */ = {
			isa = PBXGroup;
			children = (
				8666BD5A1FC7615B006149C5 /* Reactive+Functions.swift */,
				86DC1BB71FD0BD2800759C6E /* Reactive+UI.swift */,
			);
			path = Reactive;
			sourceTree = "<group>";
		};
		86DC1BB41FD0BCA300759C6E /* Logical */ = {
			isa = PBXGroup;
			children = (
				860D462E1FCF6DF6002E42EE /* DateFormatter+Extensions.swift */,
				869662121FCF774900C57B24 /* Collection+Extension.swift */,
				86641EA61FCF58DF0056827C /* Codable+Extensions.swift */,
			);
			path = Logical;
			sourceTree = "<group>";
		};
		86DC1BB51FD0BCB900759C6E /* UI */ = {
			isa = PBXGroup;
			children = (
				86AABE041FD9982B00E717C3 /* Views */,
				86AABDF91FD97B7A00E717C3 /* IBInspectables & IBDesignables */,
				86DC1BC01FD0BE3C00759C6E /* ScrollViews */,
				86AABE091FD9B0D800E717C3 /* Fonts+Extensions.swift */,
			);
			path = UI;
			sourceTree = "<group>";
		};
		86DC1BB61FD0BD0100759C6E /* Store */ = {
			isa = PBXGroup;
			children = (
				86FB43521FCC7C0E00AD86CB /* MagicalRecord+Extensions.swift */,
			);
			path = Store;
			sourceTree = "<group>";
		};
		86DC1BB91FD0BDE000759C6E /* TVCells */ = {
			isa = PBXGroup;
			children = (
				86DC1BBA1FD0BDE900759C6E /* TrendingTVCell */,
			);
			path = TVCells;
			sourceTree = "<group>";
		};
		86DC1BBA1FD0BDE900759C6E /* TrendingTVCell */ = {
			isa = PBXGroup;
			children = (
				86DC1BBB1FD0BDFB00759C6E /* TrendingTVCell.swift */,
				86DC1BBC1FD0BDFB00759C6E /* TrendingTVCell.xib */,
			);
			path = TrendingTVCell;
			sourceTree = "<group>";
		};
		86DC1BC01FD0BE3C00759C6E /* ScrollViews */ = {
			isa = PBXGroup;
			children = (
				86DC1BC21FD0BE4800759C6E /* UICollectionView+Extensions.swift */,
				86DC1BC31FD0BE4800759C6E /* UICollectionView+Insets.swift */,
				86DC1BC11FD0BE4800759C6E /* UITableView+Placer.swift */,
			);
			path = ScrollViews;
			sourceTree = "<group>";
		};
		C9F10631A54198FC9FA43707 /* Pods */ = {
			isa = PBXGroup;
			children = (
				644E0C0397717B5970536535 /* Pods-GithubTrends.debug.xcconfig */,
				F973E464313087EE7917EF3F /* Pods-GithubTrends.release.xcconfig */,
			);
			name = Pods;
			sourceTree = "<group>";
		};
/* End PBXGroup section */

/* Begin PBXNativeTarget section */
		1F5D164F1FC70E7C00A90B29 /* GithubTrends */ = {
			isa = PBXNativeTarget;
			buildConfigurationList = 1F5D16621FC70E7C00A90B29 /* Build configuration list for PBXNativeTarget "GithubTrends" */;
			buildPhases = (
				A6B69D03B77736DA405F585A /* [CP] Check Pods Manifest.lock */,
				1F5D164C1FC70E7C00A90B29 /* Sources */,
				1F5D164D1FC70E7C00A90B29 /* Frameworks */,
				1F5D164E1FC70E7C00A90B29 /* Resources */,
				A44B0FC4B4EE1DBC6CD86C53 /* [CP] Embed Pods Frameworks */,
				8C8671307B706941D94FF315 /* [CP] Copy Pods Resources */,
			);
			buildRules = (
			);
			dependencies = (
			);
			name = GithubTrends;
			productName = GithubTrends;
			productReference = 1F5D16501FC70E7C00A90B29 /* GithubTrends.app */;
			productType = "com.apple.product-type.application";
		};
/* End PBXNativeTarget section */

/* Begin PBXProject section */
		1F5D16481FC70E7C00A90B29 /* Project object */ = {
			isa = PBXProject;
			attributes = {
				LastSwiftUpdateCheck = 0910;
				LastUpgradeCheck = 0910;
				ORGANIZATIONNAME = "Vlad Kuznetsov";
				TargetAttributes = {
					1F5D164F1FC70E7C00A90B29 = {
						CreatedOnToolsVersion = 9.1;
						ProvisioningStyle = Automatic;
					};
				};
			};
			buildConfigurationList = 1F5D164B1FC70E7C00A90B29 /* Build configuration list for PBXProject "GithubTrends" */;
			compatibilityVersion = "Xcode 8.0";
			developmentRegion = en;
			hasScannedForEncodings = 0;
			knownRegions = (
				en,
				Base,
			);
			mainGroup = 1F5D16471FC70E7C00A90B29;
			productRefGroup = 1F5D16511FC70E7C00A90B29 /* Products */;
			projectDirPath = "";
			projectRoot = "";
			targets = (
				1F5D164F1FC70E7C00A90B29 /* GithubTrends */,
			);
		};
/* End PBXProject section */

/* Begin PBXResourcesBuildPhase section */
		1F5D164E1FC70E7C00A90B29 /* Resources */ = {
			isa = PBXResourcesBuildPhase;
			buildActionMask = 2147483647;
			files = (
				86AABE0E1FD9C85600E717C3 /* Favourited.storyboard in Resources */,
				8615AEC71FC740F00099FBF7 /* Auth.storyboard in Resources */,
				86AABE011FD9929F00E717C3 /* SpinnerController.xib in Resources */,
				1F5D165E1FC70E7C00A90B29 /* LaunchScreen.storyboard in Resources */,
				1F5D165B1FC70E7C00A90B29 /* Assets.xcassets in Resources */,
				86DC1BBE1FD0BDFB00759C6E /* TrendingTVCell.xib in Resources */,
				86AABE101FD9C8BA00E717C3 /* Profile.storyboard in Resources */,
				86AABE1D1FD9E5EF00E717C3 /* SelectionView.xib in Resources */,
				86AABE0C1FD9C78500E717C3 /* TabBar.storyboard in Resources */,
				1F5D16591FC70E7C00A90B29 /* Search.storyboard in Resources */,
			);
			runOnlyForDeploymentPostprocessing = 0;
		};
/* End PBXResourcesBuildPhase section */

/* Begin PBXShellScriptBuildPhase section */
		8C8671307B706941D94FF315 /* [CP] Copy Pods Resources */ = {
			isa = PBXShellScriptBuildPhase;
			buildActionMask = 2147483647;
			files = (
			);
			inputPaths = (
			);
			name = "[CP] Copy Pods Resources";
			outputPaths = (
			);
			runOnlyForDeploymentPostprocessing = 0;
			shellPath = /bin/sh;
			shellScript = "\"${SRCROOT}/Pods/Target Support Files/Pods-GithubTrends/Pods-GithubTrends-resources.sh\"\n";
			showEnvVarsInLog = 0;
		};
		A44B0FC4B4EE1DBC6CD86C53 /* [CP] Embed Pods Frameworks */ = {
			isa = PBXShellScriptBuildPhase;
			buildActionMask = 2147483647;
			files = (
			);
			inputPaths = (
				"${SRCROOT}/Pods/Target Support Files/Pods-GithubTrends/Pods-GithubTrends-frameworks.sh",
				"${BUILT_PRODUCTS_DIR}/Alamofire/Alamofire.framework",
				"${BUILT_PRODUCTS_DIR}/AlamofireImage/AlamofireImage.framework",
				"${BUILT_PRODUCTS_DIR}/MagicalRecord/MagicalRecord.framework",
				"${BUILT_PRODUCTS_DIR}/OAuthSwift/OAuthSwift.framework",
				"${BUILT_PRODUCTS_DIR}/ObjectMapper/ObjectMapper.framework",
				"${BUILT_PRODUCTS_DIR}/ReactiveCocoa/ReactiveCocoa.framework",
				"${BUILT_PRODUCTS_DIR}/ReactiveSwift/ReactiveSwift.framework",
				"${BUILT_PRODUCTS_DIR}/Result/Result.framework",
				"${BUILT_PRODUCTS_DIR}/UIScrollView-InfiniteScroll/UIScrollView_InfiniteScroll.framework",
			);
			name = "[CP] Embed Pods Frameworks";
			outputPaths = (
				"${TARGET_BUILD_DIR}/${FRAMEWORKS_FOLDER_PATH}/Alamofire.framework",
				"${TARGET_BUILD_DIR}/${FRAMEWORKS_FOLDER_PATH}/AlamofireImage.framework",
				"${TARGET_BUILD_DIR}/${FRAMEWORKS_FOLDER_PATH}/MagicalRecord.framework",
				"${TARGET_BUILD_DIR}/${FRAMEWORKS_FOLDER_PATH}/OAuthSwift.framework",
				"${TARGET_BUILD_DIR}/${FRAMEWORKS_FOLDER_PATH}/ObjectMapper.framework",
				"${TARGET_BUILD_DIR}/${FRAMEWORKS_FOLDER_PATH}/ReactiveCocoa.framework",
				"${TARGET_BUILD_DIR}/${FRAMEWORKS_FOLDER_PATH}/ReactiveSwift.framework",
				"${TARGET_BUILD_DIR}/${FRAMEWORKS_FOLDER_PATH}/Result.framework",
				"${TARGET_BUILD_DIR}/${FRAMEWORKS_FOLDER_PATH}/UIScrollView_InfiniteScroll.framework",
			);
			runOnlyForDeploymentPostprocessing = 0;
			shellPath = /bin/sh;
			shellScript = "\"${SRCROOT}/Pods/Target Support Files/Pods-GithubTrends/Pods-GithubTrends-frameworks.sh\"\n";
			showEnvVarsInLog = 0;
		};
		A6B69D03B77736DA405F585A /* [CP] Check Pods Manifest.lock */ = {
			isa = PBXShellScriptBuildPhase;
			buildActionMask = 2147483647;
			files = (
			);
			inputPaths = (
				"${PODS_PODFILE_DIR_PATH}/Podfile.lock",
				"${PODS_ROOT}/Manifest.lock",
			);
			name = "[CP] Check Pods Manifest.lock";
			outputPaths = (
				"$(DERIVED_FILE_DIR)/Pods-GithubTrends-checkManifestLockResult.txt",
			);
			runOnlyForDeploymentPostprocessing = 0;
			shellPath = /bin/sh;
			shellScript = "diff \"${PODS_PODFILE_DIR_PATH}/Podfile.lock\" \"${PODS_ROOT}/Manifest.lock\" > /dev/null\nif [ $? != 0 ] ; then\n    # print error to STDERR\n    echo \"error: The sandbox is not in sync with the Podfile.lock. Run 'pod install' or update your CocoaPods installation.\" >&2\n    exit 1\nfi\n# This output is used by Xcode 'outputs' to avoid re-running this script phase.\necho \"SUCCESS\" > \"${SCRIPT_OUTPUT_FILE_0}\"\n";
			showEnvVarsInLog = 0;
		};
/* End PBXShellScriptBuildPhase section */

/* Begin PBXSourcesBuildPhase section */
		1F5D164C1FC70E7C00A90B29 /* Sources */ = {
			isa = PBXSourcesBuildPhase;
			buildActionMask = 2147483647;
			files = (
				86AABE121FD9C96800E717C3 /* BaseTabBarController.swift in Sources */,
				8696620D1FCF739900C57B24 /* FetchedResultsDataSource+UITableViewBinding.swift in Sources */,
				8696620F1FCF742900C57B24 /* FetchedResultsDataSource+UICollectionViewBinding.swift in Sources */,
				1F3BA4A81FC71AA400E4265C /* ViewModelContainerProtocol+ViewModelDidSet.swift in Sources */,
				86FB43531FCC7C0E00AD86CB /* MagicalRecord+Extensions.swift in Sources */,
				86DC1BC61FD0BE4800759C6E /* UICollectionView+Insets.swift in Sources */,
				1F3BA4BC1FC729BA00E4265C /* AppCoordinator.swift in Sources */,
				1F3BA4B51FC7269C00E4265C /* BaseContainerController.swift in Sources */,
				1F3BA4A41FC7198C00E4265C /* ViewModelProtocol.swift in Sources */,
				86AABE081FD9A7A500E717C3 /* TrendingOwner.swift in Sources */,
				86FDCA601FC73EF1002E360F /* AppDelegate.swift in Sources */,
				8615AEE31FC7572C0099FBF7 /* AuthCoordinator.swift in Sources */,
				86DC1BB21FD0BBC700759C6E /* TrendingCellViewModel.swift in Sources */,
				8615AED91FC747970099FBF7 /* ApiService.swift in Sources */,
				1F3BA4AA1FC71ED300E4265C /* ReusableViewModelContainerProtocol.swift in Sources */,
				86865A541FD09F710008B32D /* ManagedLanguage+CoreDataClass.swift in Sources */,
				8615AEE81FC757570099FBF7 /* TrendsCoordinator.swift in Sources */,
				86641E9E1FCF55560056827C /* ManagedTrending+CoreDataClass.swift in Sources */,
				86AABE061FD9983500E717C3 /* UIView+Extensions.swift in Sources */,
				865546DF1FCC745300F260CB /* TrendsService.swift in Sources */,
				86DC1BBD1FD0BDFB00759C6E /* TrendingTVCell.swift in Sources */,
				8615AED31FC744E20099FBF7 /* BaseError.swift in Sources */,
				86FB43621FCCCB1D00AD86CB /* Slice.swift in Sources */,
				86865A4D1FD09F3D0008B32D /* Language.swift in Sources */,
				1F3BA4B91FC7282400E4265C /* BaseViewController.swift in Sources */,
				86FB435C1FCCBF7100AD86CB /* Response+Extensions.swift in Sources */,
				869662131FCF774900C57B24 /* Collection+Extension.swift in Sources */,
				86865A4B1FD09F310008B32D /* User.swift in Sources */,
				8615AEDB1FC74AF90099FBF7 /* Configuration.swift in Sources */,
				86865A531FD09F710008B32D /* ManagedUser+CoreDataProperties.swift in Sources */,
				86641EA71FCF58DF0056827C /* Codable+Extensions.swift in Sources */,
				1F3BA4B71FC727D800E4265C /* BaseContainerControllerProtocol.swift in Sources */,
				86FB435A1FCC93C000AD86CB /* Pagination.swift in Sources */,
				1F3BA4A61FC719AE00E4265C /* ViewModelContainerProtocol.swift in Sources */,
				86AABDF81FD9545B00E717C3 /* Association.swift in Sources */,
				1F3BA4991FC7174200E4265C /* ServicesProvider.swift in Sources */,
				86AABE0A1FD9B0D800E717C3 /* Fonts+Extensions.swift in Sources */,
				86DC1BAB1FD0A09600759C6E /* StoreService.swift in Sources */,
				868DBD2E1FC984C30089BE54 /* ApiSessionManager.swift in Sources */,
				8615AED51FC745180099FBF7 /* ApiError.swift in Sources */,
				860D462F1FCF6DF6002E42EE /* DateFormatter+Extensions.swift in Sources */,
				8615AEE11FC74E0D0099FBF7 /* TrendsViewController.swift in Sources */,
				1F3BA49C1FC7178C00E4265C /* CoordinatorProtocol.swift in Sources */,
				86865A551FD09F710008B32D /* ManagedLanguage+CoreDataProperties.swift in Sources */,
				86641EA11FCF55640056827C /* Trending.swift in Sources */,
				86DC1BC51FD0BE4800759C6E /* UICollectionView+Extensions.swift in Sources */,
				8615AEDE1FC74DFB0099FBF7 /* AuthViewController.swift in Sources */,
				1F3BA4AC1FC71F3300E4265C /* ReusableViewModelContainerProtocol+ViewModelDidSet.swift in Sources */,
				869662091FCF721100C57B24 /* FetchedResultsDataSource.swift in Sources */,
				86865A521FD09F710008B32D /* ManagedUser+CoreDataClass.swift in Sources */,
				86DC1BC41FD0BE4800759C6E /* UITableView+Placer.swift in Sources */,
				86AABDFB1FD97B9900E717C3 /* UIView+IBInspectables.swift in Sources */,
				869662111FCF74EF00C57B24 /* CollectionDataSource.swift in Sources */,
				86AABE001FD9929F00E717C3 /* SpinnerController.swift in Sources */,
				86AABE1B1FD9E5E600E717C3 /* SelectionView.swift in Sources */,
				8615AED71FC746F60099FBF7 /* BaseCoordinator.swift in Sources */,
				86DC1BB81FD0BD2800759C6E /* Reactive+UI.swift in Sources */,
				8666BD5B1FC7615B006149C5 /* Reactive+Functions.swift in Sources */,
				86865A491FD097F80008B32D /* DomainConvertible.swift in Sources */,
				8696620B1FCF722700C57B24 /* FetchedResultsDataSourceUpdate.swift in Sources */,
				8615AEC91FC7437F0099FBF7 /* AuthService.swift in Sources */,
				1F3BA4B01FC7254200E4265C /* BaseViewControllerProtocol.swift in Sources */,
				86641E9F1FCF55560056827C /* ManagedTrending+CoreDataProperties.swift in Sources */,
				86DC1BB01FD0BBBC00759C6E /* TrendingViewModel.swift in Sources */,
				1F3BA4971FC7171200E4265C /* DataModel.xcdatamodeld in Sources */,
			);
			runOnlyForDeploymentPostprocessing = 0;
		};
/* End PBXSourcesBuildPhase section */

/* Begin PBXVariantGroup section */
		1F5D16571FC70E7C00A90B29 /* Search.storyboard */ = {
			isa = PBXVariantGroup;
			children = (
				1F5D16581FC70E7C00A90B29 /* Base */,
			);
			name = Search.storyboard;
			sourceTree = "<group>";
		};
		1F5D165C1FC70E7C00A90B29 /* LaunchScreen.storyboard */ = {
			isa = PBXVariantGroup;
			children = (
				1F5D165D1FC70E7C00A90B29 /* Base */,
			);
			name = LaunchScreen.storyboard;
			sourceTree = "<group>";
		};
/* End PBXVariantGroup section */

/* Begin XCBuildConfiguration section */
		1F5D16601FC70E7C00A90B29 /* Debug */ = {
			isa = XCBuildConfiguration;
			buildSettings = {
				ALWAYS_SEARCH_USER_PATHS = NO;
				CLANG_ANALYZER_NONNULL = YES;
				CLANG_ANALYZER_NUMBER_OBJECT_CONVERSION = YES_AGGRESSIVE;
				CLANG_CXX_LANGUAGE_STANDARD = "gnu++14";
				CLANG_CXX_LIBRARY = "libc++";
				CLANG_ENABLE_MODULES = YES;
				CLANG_ENABLE_OBJC_ARC = YES;
				CLANG_WARN_BLOCK_CAPTURE_AUTORELEASING = YES;
				CLANG_WARN_BOOL_CONVERSION = YES;
				CLANG_WARN_COMMA = YES;
				CLANG_WARN_CONSTANT_CONVERSION = YES;
				CLANG_WARN_DIRECT_OBJC_ISA_USAGE = YES_ERROR;
				CLANG_WARN_DOCUMENTATION_COMMENTS = YES;
				CLANG_WARN_EMPTY_BODY = YES;
				CLANG_WARN_ENUM_CONVERSION = YES;
				CLANG_WARN_INFINITE_RECURSION = YES;
				CLANG_WARN_INT_CONVERSION = YES;
				CLANG_WARN_NON_LITERAL_NULL_CONVERSION = YES;
				CLANG_WARN_OBJC_LITERAL_CONVERSION = YES;
				CLANG_WARN_OBJC_ROOT_CLASS = YES_ERROR;
				CLANG_WARN_RANGE_LOOP_ANALYSIS = YES;
				CLANG_WARN_STRICT_PROTOTYPES = YES;
				CLANG_WARN_SUSPICIOUS_MOVE = YES;
				CLANG_WARN_UNGUARDED_AVAILABILITY = YES_AGGRESSIVE;
				CLANG_WARN_UNREACHABLE_CODE = YES;
				CLANG_WARN__DUPLICATE_METHOD_MATCH = YES;
				CODE_SIGN_IDENTITY = "iPhone Developer";
				COPY_PHASE_STRIP = NO;
				DEBUG_INFORMATION_FORMAT = dwarf;
				ENABLE_STRICT_OBJC_MSGSEND = YES;
				ENABLE_TESTABILITY = YES;
				GCC_C_LANGUAGE_STANDARD = gnu11;
				GCC_DYNAMIC_NO_PIC = NO;
				GCC_NO_COMMON_BLOCKS = YES;
				GCC_OPTIMIZATION_LEVEL = 0;
				GCC_PREPROCESSOR_DEFINITIONS = (
					"DEBUG=1",
					"$(inherited)",
				);
				GCC_WARN_64_TO_32_BIT_CONVERSION = YES;
				GCC_WARN_ABOUT_RETURN_TYPE = YES_ERROR;
				GCC_WARN_UNDECLARED_SELECTOR = YES;
				GCC_WARN_UNINITIALIZED_AUTOS = YES_AGGRESSIVE;
				GCC_WARN_UNUSED_FUNCTION = YES;
				GCC_WARN_UNUSED_VARIABLE = YES;
				IPHONEOS_DEPLOYMENT_TARGET = 11.1;
				MTL_ENABLE_DEBUG_INFO = YES;
				ONLY_ACTIVE_ARCH = YES;
				SDKROOT = iphoneos;
				SWIFT_ACTIVE_COMPILATION_CONDITIONS = DEBUG;
				SWIFT_OPTIMIZATION_LEVEL = "-Onone";
			};
			name = Debug;
		};
		1F5D16611FC70E7C00A90B29 /* Release */ = {
			isa = XCBuildConfiguration;
			buildSettings = {
				ALWAYS_SEARCH_USER_PATHS = NO;
				CLANG_ANALYZER_NONNULL = YES;
				CLANG_ANALYZER_NUMBER_OBJECT_CONVERSION = YES_AGGRESSIVE;
				CLANG_CXX_LANGUAGE_STANDARD = "gnu++14";
				CLANG_CXX_LIBRARY = "libc++";
				CLANG_ENABLE_MODULES = YES;
				CLANG_ENABLE_OBJC_ARC = YES;
				CLANG_WARN_BLOCK_CAPTURE_AUTORELEASING = YES;
				CLANG_WARN_BOOL_CONVERSION = YES;
				CLANG_WARN_COMMA = YES;
				CLANG_WARN_CONSTANT_CONVERSION = YES;
				CLANG_WARN_DIRECT_OBJC_ISA_USAGE = YES_ERROR;
				CLANG_WARN_DOCUMENTATION_COMMENTS = YES;
				CLANG_WARN_EMPTY_BODY = YES;
				CLANG_WARN_ENUM_CONVERSION = YES;
				CLANG_WARN_INFINITE_RECURSION = YES;
				CLANG_WARN_INT_CONVERSION = YES;
				CLANG_WARN_NON_LITERAL_NULL_CONVERSION = YES;
				CLANG_WARN_OBJC_LITERAL_CONVERSION = YES;
				CLANG_WARN_OBJC_ROOT_CLASS = YES_ERROR;
				CLANG_WARN_RANGE_LOOP_ANALYSIS = YES;
				CLANG_WARN_STRICT_PROTOTYPES = YES;
				CLANG_WARN_SUSPICIOUS_MOVE = YES;
				CLANG_WARN_UNGUARDED_AVAILABILITY = YES_AGGRESSIVE;
				CLANG_WARN_UNREACHABLE_CODE = YES;
				CLANG_WARN__DUPLICATE_METHOD_MATCH = YES;
				CODE_SIGN_IDENTITY = "iPhone Developer";
				COPY_PHASE_STRIP = NO;
				DEBUG_INFORMATION_FORMAT = "dwarf-with-dsym";
				ENABLE_NS_ASSERTIONS = NO;
				ENABLE_STRICT_OBJC_MSGSEND = YES;
				GCC_C_LANGUAGE_STANDARD = gnu11;
				GCC_NO_COMMON_BLOCKS = YES;
				GCC_WARN_64_TO_32_BIT_CONVERSION = YES;
				GCC_WARN_ABOUT_RETURN_TYPE = YES_ERROR;
				GCC_WARN_UNDECLARED_SELECTOR = YES;
				GCC_WARN_UNINITIALIZED_AUTOS = YES_AGGRESSIVE;
				GCC_WARN_UNUSED_FUNCTION = YES;
				GCC_WARN_UNUSED_VARIABLE = YES;
				IPHONEOS_DEPLOYMENT_TARGET = 11.1;
				MTL_ENABLE_DEBUG_INFO = NO;
				SDKROOT = iphoneos;
				SWIFT_OPTIMIZATION_LEVEL = "-Owholemodule";
				VALIDATE_PRODUCT = YES;
			};
			name = Release;
		};
		1F5D16631FC70E7C00A90B29 /* Debug */ = {
			isa = XCBuildConfiguration;
			baseConfigurationReference = 644E0C0397717B5970536535 /* Pods-GithubTrends.debug.xcconfig */;
			buildSettings = {
				ASSETCATALOG_COMPILER_APPICON_NAME = AppIcon;
				CODE_SIGN_STYLE = Automatic;
				DEVELOPMENT_TEAM = S4X44GNJTF;
				INFOPLIST_FILE = "$(SRCROOT)/GithubTrends/Resources/Info.plist";
				LD_RUNPATH_SEARCH_PATHS = "$(inherited) @executable_path/Frameworks";
				PRODUCT_BUNDLE_IDENTIFIER = com.matchplayer.mobile.GithubTrends;
				PRODUCT_NAME = "$(TARGET_NAME)";
				SWIFT_VERSION = 4.0;
				TARGETED_DEVICE_FAMILY = "1,2";
			};
			name = Debug;
		};
		1F5D16641FC70E7C00A90B29 /* Release */ = {
			isa = XCBuildConfiguration;
			baseConfigurationReference = F973E464313087EE7917EF3F /* Pods-GithubTrends.release.xcconfig */;
			buildSettings = {
				ASSETCATALOG_COMPILER_APPICON_NAME = AppIcon;
				CODE_SIGN_STYLE = Automatic;
				DEVELOPMENT_TEAM = S4X44GNJTF;
				INFOPLIST_FILE = "$(SRCROOT)/GithubTrends/Resources/Info.plist";
				LD_RUNPATH_SEARCH_PATHS = "$(inherited) @executable_path/Frameworks";
				PRODUCT_BUNDLE_IDENTIFIER = com.matchplayer.mobile.GithubTrends;
				PRODUCT_NAME = "$(TARGET_NAME)";
				SWIFT_VERSION = 4.0;
				TARGETED_DEVICE_FAMILY = "1,2";
			};
			name = Release;
		};
/* End XCBuildConfiguration section */

/* Begin XCConfigurationList section */
		1F5D164B1FC70E7C00A90B29 /* Build configuration list for PBXProject "GithubTrends" */ = {
			isa = XCConfigurationList;
			buildConfigurations = (
				1F5D16601FC70E7C00A90B29 /* Debug */,
				1F5D16611FC70E7C00A90B29 /* Release */,
			);
			defaultConfigurationIsVisible = 0;
			defaultConfigurationName = Release;
		};
		1F5D16621FC70E7C00A90B29 /* Build configuration list for PBXNativeTarget "GithubTrends" */ = {
			isa = XCConfigurationList;
			buildConfigurations = (
				1F5D16631FC70E7C00A90B29 /* Debug */,
				1F5D16641FC70E7C00A90B29 /* Release */,
			);
			defaultConfigurationIsVisible = 0;
			defaultConfigurationName = Release;
		};
/* End XCConfigurationList section */

/* Begin XCVersionGroup section */
		1F3BA4951FC7171200E4265C /* DataModel.xcdatamodeld */ = {
			isa = XCVersionGroup;
			children = (
				1F3BA4961FC7171200E4265C /* DataModel.xcdatamodel */,
			);
			currentVersion = 1F3BA4961FC7171200E4265C /* DataModel.xcdatamodel */;
			path = DataModel.xcdatamodeld;
			sourceTree = "<group>";
			versionGroupType = wrapper.xcdatamodel;
		};
/* End XCVersionGroup section */
	};
	rootObject = 1F5D16481FC70E7C00A90B29 /* Project object */;
}
